
Microsoft Visual Studio Solution File, Format Version 12.00
# Visual Studio Version 17
VisualStudioVersion = 17.8.34330.188
MinimumVisualStudioVersion = 10.0.40219.1
Project("{9A19103F-16F7-4668-BE54-9A1E7A4F7556}") = "Persisting.Data", "Persisting.Data\Persisting.Data.csproj", "{21B31F0A-F421-42A5-912F-F0ADAC3B5963}"
EndProject
Project("{9A19103F-16F7-4668-BE54-9A1E7A4F7556}") = "Persisting.Data.Update", "Persisting.Data.Update\Persisting.Data.Update.csproj", "{EB000992-B212-426C-9B7E-E1C6D0F5CD9F}"
EndProject
Project("{9A19103F-16F7-4668-BE54-9A1E7A4F7556}") = "Persisting.Data.Delete", "Persisting.Data.Delete\Persisting.Data.Delete.csproj", "{72F93AA5-F8A8-444A-95C9-4388DAD200D3}"
EndProject
Project("{9A19103F-16F7-4668-BE54-9A1E7A4F7556}") = "Querying", "Querying\Querying.csproj", "{51853CB8-4441-424E-8889-5BE6C948F13E}"
EndProject
Project("{9A19103F-16F7-4668-BE54-9A1E7A4F7556}") = "ChangeTracker", "ChangeTracker\ChangeTracker.csproj", "{A7F3C14D-A0D0-4431-9DAE-A959DE866A22}"
EndProject
Project("{9A19103F-16F7-4668-BE54-9A1E7A4F7556}") = "Tracking", "Tracking\Tracking.csproj", "{37C831EB-4D3A-4842-8D75-07DED886C0A2}"
EndProject
Project("{9A19103F-16F7-4668-BE54-9A1E7A4F7556}") = "RelationShips", "RelationShips\RelationShips.csproj", "{08636FDF-C8B5-46D4-BB44-F2D626BB6C16}"
EndProject
Project("{9A19103F-16F7-4668-BE54-9A1E7A4F7556}") = "OneToOne.RelationShip", "OneToOne.RelationShip\OneToOne.RelationShip.csproj", "{DA755BFC-CA99-4C3E-A741-4B3E1F9B8B4E}"
EndProject
Project("{9A19103F-16F7-4668-BE54-9A1E7A4F7556}") = "OneToMany.RelationShip", "OneToMany.RelationShip\OneToMany.RelationShip.csproj", "{BB4D7CB0-D0ED-4F64-B466-7FE0B08B8A12}"
EndProject
Project("{9A19103F-16F7-4668-BE54-9A1E7A4F7556}") = "ManyToMany.RelationShip", "ManyToMany.RelationShip\ManyToMany.RelationShip.csproj", "{02A74FB6-2A37-41FF-8598-8859FCD6EC5E}"
EndProject
Project("{9A19103F-16F7-4668-BE54-9A1E7A4F7556}") = "Saving.RelatedData", "Saving.RelatedData\Saving.RelatedData.csproj", "{0D373C2C-A59C-4B6B-90F0-444F0F5E1439}"
EndProject
Project("{9A19103F-16F7-4668-BE54-9A1E7A4F7556}") = "Updating.RelatedData", "Updating.RelatedData\Updating.RelatedData.csproj", "{0DC517B9-1570-45A6-AEC0-D8531D82F535}"
EndProject
Project("{9A19103F-16F7-4668-BE54-9A1E7A4F7556}") = "Deleting.RelatedData", "Deleting.RelatedData\Deleting.RelatedData.csproj", "{9BA5F390-67CB-4E3E-B883-296F7FE6F48D}"
EndProject
Project("{9A19103F-16F7-4668-BE54-9A1E7A4F7556}") = "EFCore.Configurations", "EFCore.Configurations\EFCore.Configurations.csproj", "{A7C9A7DD-60D7-415F-80B3-BB5A2B26FE26}"
EndProject
Project("{9A19103F-16F7-4668-BE54-9A1E7A4F7556}") = "Seperate.Configuration.Classes", "Seperate.Configuration.Classes\Seperate.Configuration.Classes.csproj", "{76338932-0CBA-4A0E-84CA-F5A0450EBE59}"
EndProject
Project("{9A19103F-16F7-4668-BE54-9A1E7A4F7556}") = "DataSeeding", "DataSeeding\DataSeeding.csproj", "{F12CB6AE-66F3-4584-87BD-ECE5E1116268}"
EndProject
Project("{FAE04EC0-301F-11D3-BF4B-00C04F79EFBC}") = "Inheritance.TablePerHierarchy", "Inheritance.TablePerHierarchy\Inheritance.TablePerHierarchy.csproj", "{8A33D795-9BB8-485F-AEC5-1C56154DA562}"
EndProject
Project("{FAE04EC0-301F-11D3-BF4B-00C04F79EFBC}") = "Inheritance.TablePerType", "Inheritance.TablePerType\Inheritance.TablePerType.csproj", "{B72A812E-A6BA-4062-94CF-0BC476D56202}"
EndProject
Project("{FAE04EC0-301F-11D3-BF4B-00C04F79EFBC}") = "Inheritance.TablePerConcreteType", "Inheritance.TablePerConcreteType\Inheritance.TablePerConcreteType.csproj", "{D18ED58A-322E-4DBC-928B-989BF487EB60}"
EndProject
Project("{FAE04EC0-301F-11D3-BF4B-00C04F79EFBC}") = "Constraints", "Constraints\Constraints.csproj", "{7FD2C94D-E35C-4A39-9FB4-A742C52D206F}"
EndProject
Project("{FAE04EC0-301F-11D3-BF4B-00C04F79EFBC}") = "Indexes", "Indexes\Indexes.csproj", "{F4183698-AB74-4842-A30D-954449624A9C}"
EndProject
Global
	GlobalSection(SolutionConfigurationPlatforms) = preSolution
		Debug|Any CPU = Debug|Any CPU
		Release|Any CPU = Release|Any CPU
	EndGlobalSection
	GlobalSection(ProjectConfigurationPlatforms) = postSolution
		{21B31F0A-F421-42A5-912F-F0ADAC3B5963}.Debug|Any CPU.ActiveCfg = Debug|Any CPU
		{21B31F0A-F421-42A5-912F-F0ADAC3B5963}.Debug|Any CPU.Build.0 = Debug|Any CPU
		{21B31F0A-F421-42A5-912F-F0ADAC3B5963}.Release|Any CPU.ActiveCfg = Release|Any CPU
		{21B31F0A-F421-42A5-912F-F0ADAC3B5963}.Release|Any CPU.Build.0 = Release|Any CPU
		{EB000992-B212-426C-9B7E-E1C6D0F5CD9F}.Debug|Any CPU.ActiveCfg = Debug|Any CPU
		{EB000992-B212-426C-9B7E-E1C6D0F5CD9F}.Debug|Any CPU.Build.0 = Debug|Any CPU
		{EB000992-B212-426C-9B7E-E1C6D0F5CD9F}.Release|Any CPU.ActiveCfg = Release|Any CPU
		{EB000992-B212-426C-9B7E-E1C6D0F5CD9F}.Release|Any CPU.Build.0 = Release|Any CPU
		{72F93AA5-F8A8-444A-95C9-4388DAD200D3}.Debug|Any CPU.ActiveCfg = Debug|Any CPU
		{72F93AA5-F8A8-444A-95C9-4388DAD200D3}.Debug|Any CPU.Build.0 = Debug|Any CPU
		{72F93AA5-F8A8-444A-95C9-4388DAD200D3}.Release|Any CPU.ActiveCfg = Release|Any CPU
		{72F93AA5-F8A8-444A-95C9-4388DAD200D3}.Release|Any CPU.Build.0 = Release|Any CPU
		{51853CB8-4441-424E-8889-5BE6C948F13E}.Debug|Any CPU.ActiveCfg = Debug|Any CPU
		{51853CB8-4441-424E-8889-5BE6C948F13E}.Debug|Any CPU.Build.0 = Debug|Any CPU
		{51853CB8-4441-424E-8889-5BE6C948F13E}.Release|Any CPU.ActiveCfg = Release|Any CPU
		{51853CB8-4441-424E-8889-5BE6C948F13E}.Release|Any CPU.Build.0 = Release|Any CPU
		{A7F3C14D-A0D0-4431-9DAE-A959DE866A22}.Debug|Any CPU.ActiveCfg = Debug|Any CPU
		{A7F3C14D-A0D0-4431-9DAE-A959DE866A22}.Debug|Any CPU.Build.0 = Debug|Any CPU
		{A7F3C14D-A0D0-4431-9DAE-A959DE866A22}.Release|Any CPU.ActiveCfg = Release|Any CPU
		{A7F3C14D-A0D0-4431-9DAE-A959DE866A22}.Release|Any CPU.Build.0 = Release|Any CPU
		{37C831EB-4D3A-4842-8D75-07DED886C0A2}.Debug|Any CPU.ActiveCfg = Debug|Any CPU
		{37C831EB-4D3A-4842-8D75-07DED886C0A2}.Debug|Any CPU.Build.0 = Debug|Any CPU
		{37C831EB-4D3A-4842-8D75-07DED886C0A2}.Release|Any CPU.ActiveCfg = Release|Any CPU
		{37C831EB-4D3A-4842-8D75-07DED886C0A2}.Release|Any CPU.Build.0 = Release|Any CPU
		{08636FDF-C8B5-46D4-BB44-F2D626BB6C16}.Debug|Any CPU.ActiveCfg = Debug|Any CPU
		{08636FDF-C8B5-46D4-BB44-F2D626BB6C16}.Debug|Any CPU.Build.0 = Debug|Any CPU
		{08636FDF-C8B5-46D4-BB44-F2D626BB6C16}.Release|Any CPU.ActiveCfg = Release|Any CPU
		{08636FDF-C8B5-46D4-BB44-F2D626BB6C16}.Release|Any CPU.Build.0 = Release|Any CPU
		{DA755BFC-CA99-4C3E-A741-4B3E1F9B8B4E}.Debug|Any CPU.ActiveCfg = Debug|Any CPU
		{DA755BFC-CA99-4C3E-A741-4B3E1F9B8B4E}.Debug|Any CPU.Build.0 = Debug|Any CPU
		{DA755BFC-CA99-4C3E-A741-4B3E1F9B8B4E}.Release|Any CPU.ActiveCfg = Release|Any CPU
		{DA755BFC-CA99-4C3E-A741-4B3E1F9B8B4E}.Release|Any CPU.Build.0 = Release|Any CPU
		{BB4D7CB0-D0ED-4F64-B466-7FE0B08B8A12}.Debug|Any CPU.ActiveCfg = Debug|Any CPU
		{BB4D7CB0-D0ED-4F64-B466-7FE0B08B8A12}.Debug|Any CPU.Build.0 = Debug|Any CPU
		{BB4D7CB0-D0ED-4F64-B466-7FE0B08B8A12}.Release|Any CPU.ActiveCfg = Release|Any CPU
		{BB4D7CB0-D0ED-4F64-B466-7FE0B08B8A12}.Release|Any CPU.Build.0 = Release|Any CPU
		{02A74FB6-2A37-41FF-8598-8859FCD6EC5E}.Debug|Any CPU.ActiveCfg = Debug|Any CPU
		{02A74FB6-2A37-41FF-8598-8859FCD6EC5E}.Debug|Any CPU.Build.0 = Debug|Any CPU
		{02A74FB6-2A37-41FF-8598-8859FCD6EC5E}.Release|Any CPU.ActiveCfg = Release|Any CPU
		{02A74FB6-2A37-41FF-8598-8859FCD6EC5E}.Release|Any CPU.Build.0 = Release|Any CPU
		{0D373C2C-A59C-4B6B-90F0-444F0F5E1439}.Debug|Any CPU.ActiveCfg = Debug|Any CPU
		{0D373C2C-A59C-4B6B-90F0-444F0F5E1439}.Debug|Any CPU.Build.0 = Debug|Any CPU
		{0D373C2C-A59C-4B6B-90F0-444F0F5E1439}.Release|Any CPU.ActiveCfg = Release|Any CPU
		{0D373C2C-A59C-4B6B-90F0-444F0F5E1439}.Release|Any CPU.Build.0 = Release|Any CPU
		{0DC517B9-1570-45A6-AEC0-D8531D82F535}.Debug|Any CPU.ActiveCfg = Debug|Any CPU
		{0DC517B9-1570-45A6-AEC0-D8531D82F535}.Debug|Any CPU.Build.0 = Debug|Any CPU
		{0DC517B9-1570-45A6-AEC0-D8531D82F535}.Release|Any CPU.ActiveCfg = Release|Any CPU
		{0DC517B9-1570-45A6-AEC0-D8531D82F535}.Release|Any CPU.Build.0 = Release|Any CPU
		{9BA5F390-67CB-4E3E-B883-296F7FE6F48D}.Debug|Any CPU.ActiveCfg = Debug|Any CPU
		{9BA5F390-67CB-4E3E-B883-296F7FE6F48D}.Debug|Any CPU.Build.0 = Debug|Any CPU
		{9BA5F390-67CB-4E3E-B883-296F7FE6F48D}.Release|Any CPU.ActiveCfg = Release|Any CPU
		{9BA5F390-67CB-4E3E-B883-296F7FE6F48D}.Release|Any CPU.Build.0 = Release|Any CPU
		{A7C9A7DD-60D7-415F-80B3-BB5A2B26FE26}.Debug|Any CPU.ActiveCfg = Debug|Any CPU
		{A7C9A7DD-60D7-415F-80B3-BB5A2B26FE26}.Debug|Any CPU.Build.0 = Debug|Any CPU
		{A7C9A7DD-60D7-415F-80B3-BB5A2B26FE26}.Release|Any CPU.ActiveCfg = Release|Any CPU
		{A7C9A7DD-60D7-415F-80B3-BB5A2B26FE26}.Release|Any CPU.Build.0 = Release|Any CPU
		{76338932-0CBA-4A0E-84CA-F5A0450EBE59}.Debug|Any CPU.ActiveCfg = Debug|Any CPU
		{76338932-0CBA-4A0E-84CA-F5A0450EBE59}.Debug|Any CPU.Build.0 = Debug|Any CPU
		{76338932-0CBA-4A0E-84CA-F5A0450EBE59}.Release|Any CPU.ActiveCfg = Release|Any CPU
		{76338932-0CBA-4A0E-84CA-F5A0450EBE59}.Release|Any CPU.Build.0 = Release|Any CPU
		{F12CB6AE-66F3-4584-87BD-ECE5E1116268}.Debug|Any CPU.ActiveCfg = Debug|Any CPU
		{F12CB6AE-66F3-4584-87BD-ECE5E1116268}.Debug|Any CPU.Build.0 = Debug|Any CPU
		{F12CB6AE-66F3-4584-87BD-ECE5E1116268}.Release|Any CPU.ActiveCfg = Release|Any CPU
		{F12CB6AE-66F3-4584-87BD-ECE5E1116268}.Release|Any CPU.Build.0 = Release|Any CPU
		{8A33D795-9BB8-485F-AEC5-1C56154DA562}.Debug|Any CPU.ActiveCfg = Debug|Any CPU
		{8A33D795-9BB8-485F-AEC5-1C56154DA562}.Debug|Any CPU.Build.0 = Debug|Any CPU
		{8A33D795-9BB8-485F-AEC5-1C56154DA562}.Release|Any CPU.ActiveCfg = Release|Any CPU
		{8A33D795-9BB8-485F-AEC5-1C56154DA562}.Release|Any CPU.Build.0 = Release|Any CPU
		{B72A812E-A6BA-4062-94CF-0BC476D56202}.Debug|Any CPU.ActiveCfg = Debug|Any CPU
		{B72A812E-A6BA-4062-94CF-0BC476D56202}.Debug|Any CPU.Build.0 = Debug|Any CPU
		{B72A812E-A6BA-4062-94CF-0BC476D56202}.Release|Any CPU.ActiveCfg = Release|Any CPU
		{B72A812E-A6BA-4062-94CF-0BC476D56202}.Release|Any CPU.Build.0 = Release|Any CPU
		{D18ED58A-322E-4DBC-928B-989BF487EB60}.Debug|Any CPU.ActiveCfg = Debug|Any CPU
		{D18ED58A-322E-4DBC-928B-989BF487EB60}.Debug|Any CPU.Build.0 = Debug|Any CPU
		{D18ED58A-322E-4DBC-928B-989BF487EB60}.Release|Any CPU.ActiveCfg = Release|Any CPU
		{D18ED58A-322E-4DBC-928B-989BF487EB60}.Release|Any CPU.Build.0 = Release|Any CPU
		{7FD2C94D-E35C-4A39-9FB4-A742C52D206F}.Debug|Any CPU.ActiveCfg = Debug|Any CPU
		{7FD2C94D-E35C-4A39-9FB4-A742C52D206F}.Debug|Any CPU.Build.0 = Debug|Any CPU
		{7FD2C94D-E35C-4A39-9FB4-A742C52D206F}.Release|Any CPU.ActiveCfg = Release|Any CPU
		{7FD2C94D-E35C-4A39-9FB4-A742C52D206F}.Release|Any CPU.Build.0 = Release|Any CPU
		{F4183698-AB74-4842-A30D-954449624A9C}.Debug|Any CPU.ActiveCfg = Debug|Any CPU
		{F4183698-AB74-4842-A30D-954449624A9C}.Debug|Any CPU.Build.0 = Debug|Any CPU
		{F4183698-AB74-4842-A30D-954449624A9C}.Release|Any CPU.ActiveCfg = Release|Any CPU
		{F4183698-AB74-4842-A30D-954449624A9C}.Release|Any CPU.Build.0 = Release|Any CPU
	EndGlobalSection
	GlobalSection(SolutionProperties) = preSolution
		HideSolutionNode = FALSE
	EndGlobalSection
	GlobalSection(ExtensibilityGlobals) = postSolution
		SolutionGuid = {809489AC-4A30-4538-BFCA-B84457DAA07B}
	EndGlobalSection
EndGlobal
