
Microsoft Visual Studio Solution File, Format Version 12.00
# Visual Studio Version 17
VisualStudioVersion = 17.8.34330.188
MinimumVisualStudioVersion = 10.0.40219.1
Project("{FAE04EC0-301F-11D3-BF4B-00C04F79EFBC}") = "Persisting.Data", "Persisting.Data\Persisting.Data.csproj", "{21B31F0A-F421-42A5-912F-F0ADAC3B5963}"
EndProject
Project("{FAE04EC0-301F-11D3-BF4B-00C04F79EFBC}") = "Persisting.Data.Update", "Persisting.Data.Update\Persisting.Data.Update.csproj", "{EB000992-B212-426C-9B7E-E1C6D0F5CD9F}"
EndProject
Project("{FAE04EC0-301F-11D3-BF4B-00C04F79EFBC}") = "Persisting.Data.Delete", "Persisting.Data.Delete\Persisting.Data.Delete.csproj", "{72F93AA5-F8A8-444A-95C9-4388DAD200D3}"
EndProject
Project("{FAE04EC0-301F-11D3-BF4B-00C04F79EFBC}") = "Querying", "Querying\Querying.csproj", "{51853CB8-4441-424E-8889-5BE6C948F13E}"
EndProject
Project("{FAE04EC0-301F-11D3-BF4B-00C04F79EFBC}") = "ChangeTracker", "ChangeTracker\ChangeTracker.csproj", "{A7F3C14D-A0D0-4431-9DAE-A959DE866A22}"
EndProject
Project("{FAE04EC0-301F-11D3-BF4B-00C04F79EFBC}") = "Tracking", "Tracking\Tracking.csproj", "{37C831EB-4D3A-4842-8D75-07DED886C0A2}"
EndProject
Project("{FAE04EC0-301F-11D3-BF4B-00C04F79EFBC}") = "RelationShips", "RelationShips\RelationShips.csproj", "{08636FDF-C8B5-46D4-BB44-F2D626BB6C16}"
EndProject
Project("{FAE04EC0-301F-11D3-BF4B-00C04F79EFBC}") = "OneToOne.RelationShip", "OneToOne.RelationShip\OneToOne.RelationShip.csproj", "{DA755BFC-CA99-4C3E-A741-4B3E1F9B8B4E}"
EndProject
Project("{FAE04EC0-301F-11D3-BF4B-00C04F79EFBC}") = "OneToMany.RelationShip", "OneToMany.RelationShip\OneToMany.RelationShip.csproj", "{BB4D7CB0-D0ED-4F64-B466-7FE0B08B8A12}"
EndProject
Project("{FAE04EC0-301F-11D3-BF4B-00C04F79EFBC}") = "ManyToMany.RelationShip", "ManyToMany.RelationShip\ManyToMany.RelationShip.csproj", "{02A74FB6-2A37-41FF-8598-8859FCD6EC5E}"
EndProject
Global
	GlobalSection(SolutionConfigurationPlatforms) = preSolution
		Debug|Any CPU = Debug|Any CPU
		Release|Any CPU = Release|Any CPU
	EndGlobalSection
	GlobalSection(ProjectConfigurationPlatforms) = postSolution
		{21B31F0A-F421-42A5-912F-F0ADAC3B5963}.Debug|Any CPU.ActiveCfg = Debug|Any CPU
		{21B31F0A-F421-42A5-912F-F0ADAC3B5963}.Debug|Any CPU.Build.0 = Debug|Any CPU
		{21B31F0A-F421-42A5-912F-F0ADAC3B5963}.Release|Any CPU.ActiveCfg = Release|Any CPU
		{21B31F0A-F421-42A5-912F-F0ADAC3B5963}.Release|Any CPU.Build.0 = Release|Any CPU
		{EB000992-B212-426C-9B7E-E1C6D0F5CD9F}.Debug|Any CPU.ActiveCfg = Debug|Any CPU
		{EB000992-B212-426C-9B7E-E1C6D0F5CD9F}.Debug|Any CPU.Build.0 = Debug|Any CPU
		{EB000992-B212-426C-9B7E-E1C6D0F5CD9F}.Release|Any CPU.ActiveCfg = Release|Any CPU
		{EB000992-B212-426C-9B7E-E1C6D0F5CD9F}.Release|Any CPU.Build.0 = Release|Any CPU
		{72F93AA5-F8A8-444A-95C9-4388DAD200D3}.Debug|Any CPU.ActiveCfg = Debug|Any CPU
		{72F93AA5-F8A8-444A-95C9-4388DAD200D3}.Debug|Any CPU.Build.0 = Debug|Any CPU
		{72F93AA5-F8A8-444A-95C9-4388DAD200D3}.Release|Any CPU.ActiveCfg = Release|Any CPU
		{72F93AA5-F8A8-444A-95C9-4388DAD200D3}.Release|Any CPU.Build.0 = Release|Any CPU
		{51853CB8-4441-424E-8889-5BE6C948F13E}.Debug|Any CPU.ActiveCfg = Debug|Any CPU
		{51853CB8-4441-424E-8889-5BE6C948F13E}.Debug|Any CPU.Build.0 = Debug|Any CPU
		{51853CB8-4441-424E-8889-5BE6C948F13E}.Release|Any CPU.ActiveCfg = Release|Any CPU
		{51853CB8-4441-424E-8889-5BE6C948F13E}.Release|Any CPU.Build.0 = Release|Any CPU
		{A7F3C14D-A0D0-4431-9DAE-A959DE866A22}.Debug|Any CPU.ActiveCfg = Debug|Any CPU
		{A7F3C14D-A0D0-4431-9DAE-A959DE866A22}.Debug|Any CPU.Build.0 = Debug|Any CPU
		{A7F3C14D-A0D0-4431-9DAE-A959DE866A22}.Release|Any CPU.ActiveCfg = Release|Any CPU
		{A7F3C14D-A0D0-4431-9DAE-A959DE866A22}.Release|Any CPU.Build.0 = Release|Any CPU
		{37C831EB-4D3A-4842-8D75-07DED886C0A2}.Debug|Any CPU.ActiveCfg = Debug|Any CPU
		{37C831EB-4D3A-4842-8D75-07DED886C0A2}.Debug|Any CPU.Build.0 = Debug|Any CPU
		{37C831EB-4D3A-4842-8D75-07DED886C0A2}.Release|Any CPU.ActiveCfg = Release|Any CPU
		{37C831EB-4D3A-4842-8D75-07DED886C0A2}.Release|Any CPU.Build.0 = Release|Any CPU
		{08636FDF-C8B5-46D4-BB44-F2D626BB6C16}.Debug|Any CPU.ActiveCfg = Debug|Any CPU
		{08636FDF-C8B5-46D4-BB44-F2D626BB6C16}.Debug|Any CPU.Build.0 = Debug|Any CPU
		{08636FDF-C8B5-46D4-BB44-F2D626BB6C16}.Release|Any CPU.ActiveCfg = Release|Any CPU
		{08636FDF-C8B5-46D4-BB44-F2D626BB6C16}.Release|Any CPU.Build.0 = Release|Any CPU
		{DA755BFC-CA99-4C3E-A741-4B3E1F9B8B4E}.Debug|Any CPU.ActiveCfg = Debug|Any CPU
		{DA755BFC-CA99-4C3E-A741-4B3E1F9B8B4E}.Debug|Any CPU.Build.0 = Debug|Any CPU
		{DA755BFC-CA99-4C3E-A741-4B3E1F9B8B4E}.Release|Any CPU.ActiveCfg = Release|Any CPU
		{DA755BFC-CA99-4C3E-A741-4B3E1F9B8B4E}.Release|Any CPU.Build.0 = Release|Any CPU
		{BB4D7CB0-D0ED-4F64-B466-7FE0B08B8A12}.Debug|Any CPU.ActiveCfg = Debug|Any CPU
		{BB4D7CB0-D0ED-4F64-B466-7FE0B08B8A12}.Debug|Any CPU.Build.0 = Debug|Any CPU
		{BB4D7CB0-D0ED-4F64-B466-7FE0B08B8A12}.Release|Any CPU.ActiveCfg = Release|Any CPU
		{BB4D7CB0-D0ED-4F64-B466-7FE0B08B8A12}.Release|Any CPU.Build.0 = Release|Any CPU
		{02A74FB6-2A37-41FF-8598-8859FCD6EC5E}.Debug|Any CPU.ActiveCfg = Debug|Any CPU
		{02A74FB6-2A37-41FF-8598-8859FCD6EC5E}.Debug|Any CPU.Build.0 = Debug|Any CPU
		{02A74FB6-2A37-41FF-8598-8859FCD6EC5E}.Release|Any CPU.ActiveCfg = Release|Any CPU
		{02A74FB6-2A37-41FF-8598-8859FCD6EC5E}.Release|Any CPU.Build.0 = Release|Any CPU
	EndGlobalSection
	GlobalSection(SolutionProperties) = preSolution
		HideSolutionNode = FALSE
	EndGlobalSection
	GlobalSection(ExtensibilityGlobals) = postSolution
		SolutionGuid = {809489AC-4A30-4538-BFCA-B84457DAA07B}
	EndGlobalSection
EndGlobal
